
Microsoft Visual Studio Solution File, Format Version 12.00
# Visual Studio Version 17
VisualStudioVersion = 17.2.32526.322
MinimumVisualStudioVersion = 10.0.40219.1
Project("{FAE04EC0-301F-11D3-BF4B-00C04F79EFBC}") = "ConsoleApp1", "ConsoleApp1\ConsoleApp1.csproj", "{FA6E201E-2C22-4B29-8708-794F93174EB8}"
EndProject
Project("{FAE04EC0-301F-11D3-BF4B-00C04F79EFBC}") = "ConsoleApp", "ConsoleApp\ConsoleApp.csproj", "{75895BD0-7F0C-418E-AC59-C37874356EA5}"
EndProject
Project("{FAE04EC0-301F-11D3-BF4B-00C04F79EFBC}") = "ConsoleApp3", "ConsoleApp3\ConsoleApp3.csproj", "{3134DDFC-366A-4E3A-823B-B08F767E349C}"
EndProject
Project("{FAE04EC0-301F-11D3-BF4B-00C04F79EFBC}") = "ConsoleApp4", "ConsoleApp4\ConsoleApp4.csproj", "{3FA9100A-B131-4561-9537-5AFD4351B0C1}"
EndProject
Project("{FAE04EC0-301F-11D3-BF4B-00C04F79EFBC}") = "ConsoleApp5", "ConsoleApp5\ConsoleApp5.csproj", "{53CBB928-354E-4BFA-8645-AD3C0959DBAB}"
EndProject
Project("{FAE04EC0-301F-11D3-BF4B-00C04F79EFBC}") = "ConsoleApp6", "ConsoleApp6\ConsoleApp6.csproj", "{AD2935EC-3DF9-4349-A817-57620DDC21BB}"
EndProject
Project("{FAE04EC0-301F-11D3-BF4B-00C04F79EFBC}") = "ConsoleApp7", "ConsoleApp7\ConsoleApp7.csproj", "{E14CD43C-919B-418A-B0E6-5FF0EC57D3D4}"
EndProject
Project("{FAE04EC0-301F-11D3-BF4B-00C04F79EFBC}") = "ConsoleApp8", "ConsoleApp8\ConsoleApp8.csproj", "{B92B3EFA-9637-47E3-91C4-9B14AC53C99A}"
EndProject
Project("{FAE04EC0-301F-11D3-BF4B-00C04F79EFBC}") = "ConsoleApp9", "ConsoleApp9\ConsoleApp9.csproj", "{68D29CCA-0C03-4B05-BD34-4153001DCE78}"
EndProject
Project("{FAE04EC0-301F-11D3-BF4B-00C04F79EFBC}") = "ConsoleApp10", "ConsoleApp10\ConsoleApp10.csproj", "{FF501EED-7865-41F0-94B4-4A343B49DE43}"
EndProject
Project("{FAE04EC0-301F-11D3-BF4B-00C04F79EFBC}") = "ConsoleApp11", "ConsoleApp11\ConsoleApp11.csproj", "{5B214185-00BA-4CA5-A517-1D70EDE5E509}"
EndProject
Project("{FAE04EC0-301F-11D3-BF4B-00C04F79EFBC}") = "ConsoleApp12", "ConsoleApp12\ConsoleApp12.csproj", "{66C454EF-75F8-4E12-83DB-FDCEA45FF3C8}"
EndProject
Project("{FAE04EC0-301F-11D3-BF4B-00C04F79EFBC}") = "ConsoleApp13", "ConsoleApp13\ConsoleApp13.csproj", "{C4207C53-9048-4437-84B6-5922406619B4}"
EndProject
Project("{FAE04EC0-301F-11D3-BF4B-00C04F79EFBC}") = "ConsoleApp14", "ConsoleApp14\ConsoleApp14.csproj", "{DAA5E32B-68E0-4660-B939-B0AF7CB74340}"
EndProject
Project("{FAE04EC0-301F-11D3-BF4B-00C04F79EFBC}") = "ConsoleApp15", "ConsoleApp15\ConsoleApp15.csproj", "{0C4A903B-FFAA-4C26-9D6E-7D97BABBFC4A}"
EndProject
Project("{FAE04EC0-301F-11D3-BF4B-00C04F79EFBC}") = "ConsoleApp16", "ConsoleApp16\ConsoleApp16.csproj", "{EA6E11FE-B0EA-416C-B0A8-C45285B15325}"
EndProject
Project("{FAE04EC0-301F-11D3-BF4B-00C04F79EFBC}") = "ConsoleApp17", "ConsoleApp17\ConsoleApp17.csproj", "{84BDD72D-15EC-4072-9213-E830253B4441}"
EndProject
Project("{FAE04EC0-301F-11D3-BF4B-00C04F79EFBC}") = "ConsoleApp18", "ConsoleApp18\ConsoleApp18.csproj", "{130192B4-C755-42FC-A2B2-C6BB37908AD4}"
EndProject
Project("{FAE04EC0-301F-11D3-BF4B-00C04F79EFBC}") = "ConsoleApp19", "ConsoleApp19\ConsoleApp19.csproj", "{121C2C83-8E4D-4008-BCA9-0B6C83E05F68}"
EndProject
Project("{FAE04EC0-301F-11D3-BF4B-00C04F79EFBC}") = "ConsoleApp20", "ConsoleApp20\ConsoleApp20.csproj", "{F3EFF5C5-DB80-4DC7-B950-2B8A654BD473}"
EndProject
Project("{FAE04EC0-301F-11D3-BF4B-00C04F79EFBC}") = "ConsoleApp21", "ConsoleApp21\ConsoleApp21.csproj", "{EB2B273F-1568-4298-935E-42A22A7C652E}"
EndProject
Project("{FAE04EC0-301F-11D3-BF4B-00C04F79EFBC}") = "ConsoleApp22", "ConsoleApp22\ConsoleApp22.csproj", "{61757C7B-14A6-4308-BA67-1FD9AC2940E7}"
EndProject
Project("{FAE04EC0-301F-11D3-BF4B-00C04F79EFBC}") = "ConsoleApp23", "ConsoleApp23\ConsoleApp23.csproj", "{26A44DD0-CD5A-4B62-A8C0-8F30F51B6F4F}"
EndProject
Project("{FAE04EC0-301F-11D3-BF4B-00C04F79EFBC}") = "ConsoleApp24", "ConsoleApp24\ConsoleApp24.csproj", "{514F601A-5F75-4B0F-A07B-A9A55987176F}"
EndProject
Project("{FAE04EC0-301F-11D3-BF4B-00C04F79EFBC}") = "ConsoleApp25", "ConsoleApp25\ConsoleApp25.csproj", "{E3F8A6DB-6C74-4E1A-8A4D-7BC729359DA7}"
EndProject
Project("{FAE04EC0-301F-11D3-BF4B-00C04F79EFBC}") = "ConsoleApp27", "ConsoleApp27\ConsoleApp27.csproj", "{5F7CE34A-7DC2-4637-887E-AB09514B7126}"
EndProject
Project("{FAE04EC0-301F-11D3-BF4B-00C04F79EFBC}") = "ConsoleApp28", "ConsoleApp28\ConsoleApp28.csproj", "{C978F08E-5317-4222-8745-70A98F637E3F}"
EndProject
Project("{FAE04EC0-301F-11D3-BF4B-00C04F79EFBC}") = "ConsoleApp29", "ConsoleApp29\ConsoleApp29.csproj", "{8999A99C-2FB4-41E4-AD47-036F37FD0DDD}"
EndProject
Project("{FAE04EC0-301F-11D3-BF4B-00C04F79EFBC}") = "ConsoleApp30", "ConsoleApp30\ConsoleApp30.csproj", "{B64FFE7C-8344-446F-8FFD-5A0D55D67BAE}"
EndProject
Project("{FAE04EC0-301F-11D3-BF4B-00C04F79EFBC}") = "ConsoleApp31", "ConsoleApp31\ConsoleApp31.csproj", "{F6C8EB1A-E368-4E0B-A5A3-95EA92958BD3}"
EndProject
Project("{FAE04EC0-301F-11D3-BF4B-00C04F79EFBC}") = "ConsoleApp32", "ConsoleApp32\ConsoleApp32.csproj", "{F3B972C3-C46C-4F4D-AB76-4CF21C26D501}"
EndProject
Project("{FAE04EC0-301F-11D3-BF4B-00C04F79EFBC}") = "ConsoleApp33", "ConsoleApp26\ConsoleApp33.csproj", "{AF39EC13-A3E1-4A76-A29B-5746903BBAF6}"
EndProject
Project("{FAE04EC0-301F-11D3-BF4B-00C04F79EFBC}") = "ConsoleApp34", "ConsoleApp34\ConsoleApp34.csproj", "{68E7223A-5790-4694-819D-CAB44CC56B2A}"
EndProject
Project("{FAE04EC0-301F-11D3-BF4B-00C04F79EFBC}") = "ConsoleApp35", "ConsoleApp35\ConsoleApp35.csproj", "{AF011E80-0D04-4DB1-AC41-102EB5AB8CE9}"
EndProject
Project("{FAE04EC0-301F-11D3-BF4B-00C04F79EFBC}") = "ConsoleApp36", "ConsoleApp36\ConsoleApp36.csproj", "{5949EC6F-DD36-4758-ABF9-E07370333054}"
EndProject
Project("{FAE04EC0-301F-11D3-BF4B-00C04F79EFBC}") = "ConsoleApp37", "ConsoleApp37\ConsoleApp37.csproj", "{5F30FAE7-2FE7-4885-B13D-FC1FC01EF074}"
EndProject
Project("{FAE04EC0-301F-11D3-BF4B-00C04F79EFBC}") = "ConsoleApp38", "ConsoleApp38\ConsoleApp38.csproj", "{7AD27BBC-0023-4077-BD84-A5AC2D2EACF8}"
EndProject
Project("{FAE04EC0-301F-11D3-BF4B-00C04F79EFBC}") = "ConsoleApp39", "ConsoleApp39\ConsoleApp39.csproj", "{EB2DA17F-EEE5-41F2-857C-ED1708F98EC6}"
EndProject
Project("{FAE04EC0-301F-11D3-BF4B-00C04F79EFBC}") = "ConsoleApp40", "ConsoleApp40\ConsoleApp40.csproj", "{03405C39-C32B-4480-AA90-A416FBA0E461}"
EndProject
Project("{FAE04EC0-301F-11D3-BF4B-00C04F79EFBC}") = "ConsoleApp41", "ConsoleApp41\ConsoleApp41.csproj", "{C84C3BB0-BA20-44FB-A035-CB16B7B1FD6A}"
EndProject
Project("{FAE04EC0-301F-11D3-BF4B-00C04F79EFBC}") = "ConsoleApp42", "ConsoleApp42\ConsoleApp42.csproj", "{EF6BB25B-913C-4971-A5BB-2827BA336C10}"
EndProject
Project("{FAE04EC0-301F-11D3-BF4B-00C04F79EFBC}") = "ConsoleApp43", "ConsoleApp43\ConsoleApp43.csproj", "{81967D70-4C60-44C5-8930-BBC4E2935317}"
EndProject
Project("{FAE04EC0-301F-11D3-BF4B-00C04F79EFBC}") = "ConsoleApp44", "ConsoleApp44\ConsoleApp44.csproj", "{B27C0467-BDD3-43F9-A982-2260B2A47816}"
EndProject
Project("{FAE04EC0-301F-11D3-BF4B-00C04F79EFBC}") = "ConsoleApp45", "ConsoleApp45\ConsoleApp45.csproj", "{A8E311D6-8AE4-4812-9940-41AAFD33A309}"
EndProject
Project("{FAE04EC0-301F-11D3-BF4B-00C04F79EFBC}") = "ConsoleApp46", "ConsoleApp46\ConsoleApp46.csproj", "{91CA01E3-3225-4AA8-9BF6-CE99B0B4A1EB}"
EndProject
Project("{FAE04EC0-301F-11D3-BF4B-00C04F79EFBC}") = "ConsoleApp47", "ConsoleApp47\ConsoleApp47.csproj", "{C5B0B4B3-2BA3-4B5B-B248-8BBE4135353A}"
EndProject
Project("{FAE04EC0-301F-11D3-BF4B-00C04F79EFBC}") = "ConsoleApp48", "ConsoleApp48\ConsoleApp48.csproj", "{08DB2F34-882E-4220-A1D8-B0823734B943}"
EndProject
Project("{FAE04EC0-301F-11D3-BF4B-00C04F79EFBC}") = "ConsoleApp49", "ConsoleApp49\ConsoleApp49.csproj", "{716200BA-EDBB-48E9-810F-85DA68A6E6BB}"
EndProject
Project("{FAE04EC0-301F-11D3-BF4B-00C04F79EFBC}") = "ConsoleApp50", "ConsoleApp50\ConsoleApp50.csproj", "{A4512106-22CF-49FD-9213-3FFBBE858168}"
EndProject
Project("{FAE04EC0-301F-11D3-BF4B-00C04F79EFBC}") = "ConsoleApp51", "ConsoleApp51\ConsoleApp51.csproj", "{9F79B713-6B61-4A71-9B91-26467BDB9D8A}"
EndProject
Project("{FAE04EC0-301F-11D3-BF4B-00C04F79EFBC}") = "ConsoleApp52", "ConsoleApp52\ConsoleApp52.csproj", "{6D8DAA99-4EAC-4640-B886-4DEB7647F82A}"
EndProject
Project("{FAE04EC0-301F-11D3-BF4B-00C04F79EFBC}") = "ConsoleApp53", "ConsoleApp53\ConsoleApp53.csproj", "{2DE30CFB-8EAB-4FE4-81DA-DBC95C616391}"
EndProject
Project("{FAE04EC0-301F-11D3-BF4B-00C04F79EFBC}") = "ConsoleApp54", "ConsoleApp54\ConsoleApp54.csproj", "{2AB2C66C-2946-4574-82E2-9DA5DD8AE039}"
EndProject
Project("{FAE04EC0-301F-11D3-BF4B-00C04F79EFBC}") = "ConsoleApp55", "ConsoleApp55\ConsoleApp55.csproj", "{E24FC47E-3047-4527-A3B0-BCBF06BB5D6D}"
EndProject
Project("{FAE04EC0-301F-11D3-BF4B-00C04F79EFBC}") = "ConsoleApp56", "ConsoleApp56\ConsoleApp56.csproj", "{C63C73AA-7D0B-463F-9258-2C6C9A3D4D12}"
EndProject
Project("{FAE04EC0-301F-11D3-BF4B-00C04F79EFBC}") = "ConsoleApp57", "ConsoleApp57\ConsoleApp57.csproj", "{F67BEFA7-1C5E-4DA7-9BB7-876E21C80D2F}"
EndProject
Project("{FAE04EC0-301F-11D3-BF4B-00C04F79EFBC}") = "ConsoleApp58", "ConsoleApp58\ConsoleApp58.csproj", "{39221822-53C5-488C-9AFA-B3C7DEDC5E49}"
EndProject
Project("{FAE04EC0-301F-11D3-BF4B-00C04F79EFBC}") = "ConsoleApp59", "ConsoleApp59\ConsoleApp59.csproj", "{7C3A3F7B-950A-4138-8F20-0AE1D1B02478}"
EndProject
Global
	GlobalSection(SolutionConfigurationPlatforms) = preSolution
		Debug|Any CPU = Debug|Any CPU
		Release|Any CPU = Release|Any CPU
	EndGlobalSection
	GlobalSection(ProjectConfigurationPlatforms) = postSolution
		{FA6E201E-2C22-4B29-8708-794F93174EB8}.Debug|Any CPU.ActiveCfg = Debug|Any CPU
		{FA6E201E-2C22-4B29-8708-794F93174EB8}.Debug|Any CPU.Build.0 = Debug|Any CPU
		{FA6E201E-2C22-4B29-8708-794F93174EB8}.Release|Any CPU.ActiveCfg = Release|Any CPU
		{FA6E201E-2C22-4B29-8708-794F93174EB8}.Release|Any CPU.Build.0 = Release|Any CPU
		{75895BD0-7F0C-418E-AC59-C37874356EA5}.Debug|Any CPU.ActiveCfg = Debug|Any CPU
		{75895BD0-7F0C-418E-AC59-C37874356EA5}.Debug|Any CPU.Build.0 = Debug|Any CPU
		{75895BD0-7F0C-418E-AC59-C37874356EA5}.Release|Any CPU.ActiveCfg = Release|Any CPU
		{75895BD0-7F0C-418E-AC59-C37874356EA5}.Release|Any CPU.Build.0 = Release|Any CPU
		{3134DDFC-366A-4E3A-823B-B08F767E349C}.Debug|Any CPU.ActiveCfg = Debug|Any CPU
		{3134DDFC-366A-4E3A-823B-B08F767E349C}.Debug|Any CPU.Build.0 = Debug|Any CPU
		{3134DDFC-366A-4E3A-823B-B08F767E349C}.Release|Any CPU.ActiveCfg = Release|Any CPU
		{3134DDFC-366A-4E3A-823B-B08F767E349C}.Release|Any CPU.Build.0 = Release|Any CPU
		{3FA9100A-B131-4561-9537-5AFD4351B0C1}.Debug|Any CPU.ActiveCfg = Debug|Any CPU
		{3FA9100A-B131-4561-9537-5AFD4351B0C1}.Debug|Any CPU.Build.0 = Debug|Any CPU
		{3FA9100A-B131-4561-9537-5AFD4351B0C1}.Release|Any CPU.ActiveCfg = Release|Any CPU
		{3FA9100A-B131-4561-9537-5AFD4351B0C1}.Release|Any CPU.Build.0 = Release|Any CPU
		{53CBB928-354E-4BFA-8645-AD3C0959DBAB}.Debug|Any CPU.ActiveCfg = Debug|Any CPU
		{53CBB928-354E-4BFA-8645-AD3C0959DBAB}.Debug|Any CPU.Build.0 = Debug|Any CPU
		{53CBB928-354E-4BFA-8645-AD3C0959DBAB}.Release|Any CPU.ActiveCfg = Release|Any CPU
		{53CBB928-354E-4BFA-8645-AD3C0959DBAB}.Release|Any CPU.Build.0 = Release|Any CPU
		{AD2935EC-3DF9-4349-A817-57620DDC21BB}.Debug|Any CPU.ActiveCfg = Debug|Any CPU
		{AD2935EC-3DF9-4349-A817-57620DDC21BB}.Debug|Any CPU.Build.0 = Debug|Any CPU
		{AD2935EC-3DF9-4349-A817-57620DDC21BB}.Release|Any CPU.ActiveCfg = Release|Any CPU
		{AD2935EC-3DF9-4349-A817-57620DDC21BB}.Release|Any CPU.Build.0 = Release|Any CPU
		{E14CD43C-919B-418A-B0E6-5FF0EC57D3D4}.Debug|Any CPU.ActiveCfg = Debug|Any CPU
		{E14CD43C-919B-418A-B0E6-5FF0EC57D3D4}.Debug|Any CPU.Build.0 = Debug|Any CPU
		{E14CD43C-919B-418A-B0E6-5FF0EC57D3D4}.Release|Any CPU.ActiveCfg = Release|Any CPU
		{E14CD43C-919B-418A-B0E6-5FF0EC57D3D4}.Release|Any CPU.Build.0 = Release|Any CPU
		{B92B3EFA-9637-47E3-91C4-9B14AC53C99A}.Debug|Any CPU.ActiveCfg = Debug|Any CPU
		{B92B3EFA-9637-47E3-91C4-9B14AC53C99A}.Debug|Any CPU.Build.0 = Debug|Any CPU
		{B92B3EFA-9637-47E3-91C4-9B14AC53C99A}.Release|Any CPU.ActiveCfg = Release|Any CPU
		{B92B3EFA-9637-47E3-91C4-9B14AC53C99A}.Release|Any CPU.Build.0 = Release|Any CPU
		{68D29CCA-0C03-4B05-BD34-4153001DCE78}.Debug|Any CPU.ActiveCfg = Debug|Any CPU
		{68D29CCA-0C03-4B05-BD34-4153001DCE78}.Debug|Any CPU.Build.0 = Debug|Any CPU
		{68D29CCA-0C03-4B05-BD34-4153001DCE78}.Release|Any CPU.ActiveCfg = Release|Any CPU
		{68D29CCA-0C03-4B05-BD34-4153001DCE78}.Release|Any CPU.Build.0 = Release|Any CPU
		{FF501EED-7865-41F0-94B4-4A343B49DE43}.Debug|Any CPU.ActiveCfg = Debug|Any CPU
		{FF501EED-7865-41F0-94B4-4A343B49DE43}.Debug|Any CPU.Build.0 = Debug|Any CPU
		{FF501EED-7865-41F0-94B4-4A343B49DE43}.Release|Any CPU.ActiveCfg = Release|Any CPU
		{FF501EED-7865-41F0-94B4-4A343B49DE43}.Release|Any CPU.Build.0 = Release|Any CPU
		{5B214185-00BA-4CA5-A517-1D70EDE5E509}.Debug|Any CPU.ActiveCfg = Debug|Any CPU
		{5B214185-00BA-4CA5-A517-1D70EDE5E509}.Debug|Any CPU.Build.0 = Debug|Any CPU
		{5B214185-00BA-4CA5-A517-1D70EDE5E509}.Release|Any CPU.ActiveCfg = Release|Any CPU
		{5B214185-00BA-4CA5-A517-1D70EDE5E509}.Release|Any CPU.Build.0 = Release|Any CPU
		{66C454EF-75F8-4E12-83DB-FDCEA45FF3C8}.Debug|Any CPU.ActiveCfg = Debug|Any CPU
		{66C454EF-75F8-4E12-83DB-FDCEA45FF3C8}.Debug|Any CPU.Build.0 = Debug|Any CPU
		{66C454EF-75F8-4E12-83DB-FDCEA45FF3C8}.Release|Any CPU.ActiveCfg = Release|Any CPU
		{66C454EF-75F8-4E12-83DB-FDCEA45FF3C8}.Release|Any CPU.Build.0 = Release|Any CPU
		{C4207C53-9048-4437-84B6-5922406619B4}.Debug|Any CPU.ActiveCfg = Debug|Any CPU
		{C4207C53-9048-4437-84B6-5922406619B4}.Debug|Any CPU.Build.0 = Debug|Any CPU
		{C4207C53-9048-4437-84B6-5922406619B4}.Release|Any CPU.ActiveCfg = Release|Any CPU
		{C4207C53-9048-4437-84B6-5922406619B4}.Release|Any CPU.Build.0 = Release|Any CPU
		{DAA5E32B-68E0-4660-B939-B0AF7CB74340}.Debug|Any CPU.ActiveCfg = Debug|Any CPU
		{DAA5E32B-68E0-4660-B939-B0AF7CB74340}.Debug|Any CPU.Build.0 = Debug|Any CPU
		{DAA5E32B-68E0-4660-B939-B0AF7CB74340}.Release|Any CPU.ActiveCfg = Release|Any CPU
		{DAA5E32B-68E0-4660-B939-B0AF7CB74340}.Release|Any CPU.Build.0 = Release|Any CPU
		{0C4A903B-FFAA-4C26-9D6E-7D97BABBFC4A}.Debug|Any CPU.ActiveCfg = Debug|Any CPU
		{0C4A903B-FFAA-4C26-9D6E-7D97BABBFC4A}.Debug|Any CPU.Build.0 = Debug|Any CPU
		{0C4A903B-FFAA-4C26-9D6E-7D97BABBFC4A}.Release|Any CPU.ActiveCfg = Release|Any CPU
		{0C4A903B-FFAA-4C26-9D6E-7D97BABBFC4A}.Release|Any CPU.Build.0 = Release|Any CPU
		{EA6E11FE-B0EA-416C-B0A8-C45285B15325}.Debug|Any CPU.ActiveCfg = Debug|Any CPU
		{EA6E11FE-B0EA-416C-B0A8-C45285B15325}.Debug|Any CPU.Build.0 = Debug|Any CPU
		{EA6E11FE-B0EA-416C-B0A8-C45285B15325}.Release|Any CPU.ActiveCfg = Release|Any CPU
		{EA6E11FE-B0EA-416C-B0A8-C45285B15325}.Release|Any CPU.Build.0 = Release|Any CPU
		{84BDD72D-15EC-4072-9213-E830253B4441}.Debug|Any CPU.ActiveCfg = Debug|Any CPU
		{84BDD72D-15EC-4072-9213-E830253B4441}.Debug|Any CPU.Build.0 = Debug|Any CPU
		{84BDD72D-15EC-4072-9213-E830253B4441}.Release|Any CPU.ActiveCfg = Release|Any CPU
		{84BDD72D-15EC-4072-9213-E830253B4441}.Release|Any CPU.Build.0 = Release|Any CPU
		{130192B4-C755-42FC-A2B2-C6BB37908AD4}.Debug|Any CPU.ActiveCfg = Debug|Any CPU
		{130192B4-C755-42FC-A2B2-C6BB37908AD4}.Debug|Any CPU.Build.0 = Debug|Any CPU
		{130192B4-C755-42FC-A2B2-C6BB37908AD4}.Release|Any CPU.ActiveCfg = Release|Any CPU
		{130192B4-C755-42FC-A2B2-C6BB37908AD4}.Release|Any CPU.Build.0 = Release|Any CPU
		{121C2C83-8E4D-4008-BCA9-0B6C83E05F68}.Debug|Any CPU.ActiveCfg = Debug|Any CPU
		{121C2C83-8E4D-4008-BCA9-0B6C83E05F68}.Debug|Any CPU.Build.0 = Debug|Any CPU
		{121C2C83-8E4D-4008-BCA9-0B6C83E05F68}.Release|Any CPU.ActiveCfg = Release|Any CPU
		{121C2C83-8E4D-4008-BCA9-0B6C83E05F68}.Release|Any CPU.Build.0 = Release|Any CPU
		{F3EFF5C5-DB80-4DC7-B950-2B8A654BD473}.Debug|Any CPU.ActiveCfg = Debug|Any CPU
		{F3EFF5C5-DB80-4DC7-B950-2B8A654BD473}.Debug|Any CPU.Build.0 = Debug|Any CPU
		{F3EFF5C5-DB80-4DC7-B950-2B8A654BD473}.Release|Any CPU.ActiveCfg = Release|Any CPU
		{F3EFF5C5-DB80-4DC7-B950-2B8A654BD473}.Release|Any CPU.Build.0 = Release|Any CPU
		{EB2B273F-1568-4298-935E-42A22A7C652E}.Debug|Any CPU.ActiveCfg = Debug|Any CPU
		{EB2B273F-1568-4298-935E-42A22A7C652E}.Debug|Any CPU.Build.0 = Debug|Any CPU
		{EB2B273F-1568-4298-935E-42A22A7C652E}.Release|Any CPU.ActiveCfg = Release|Any CPU
		{EB2B273F-1568-4298-935E-42A22A7C652E}.Release|Any CPU.Build.0 = Release|Any CPU
		{61757C7B-14A6-4308-BA67-1FD9AC2940E7}.Debug|Any CPU.ActiveCfg = Debug|Any CPU
		{61757C7B-14A6-4308-BA67-1FD9AC2940E7}.Debug|Any CPU.Build.0 = Debug|Any CPU
		{61757C7B-14A6-4308-BA67-1FD9AC2940E7}.Release|Any CPU.ActiveCfg = Release|Any CPU
		{61757C7B-14A6-4308-BA67-1FD9AC2940E7}.Release|Any CPU.Build.0 = Release|Any CPU
		{26A44DD0-CD5A-4B62-A8C0-8F30F51B6F4F}.Debug|Any CPU.ActiveCfg = Debug|Any CPU
		{26A44DD0-CD5A-4B62-A8C0-8F30F51B6F4F}.Debug|Any CPU.Build.0 = Debug|Any CPU
		{26A44DD0-CD5A-4B62-A8C0-8F30F51B6F4F}.Release|Any CPU.ActiveCfg = Release|Any CPU
		{26A44DD0-CD5A-4B62-A8C0-8F30F51B6F4F}.Release|Any CPU.Build.0 = Release|Any CPU
		{514F601A-5F75-4B0F-A07B-A9A55987176F}.Debug|Any CPU.ActiveCfg = Debug|Any CPU
		{514F601A-5F75-4B0F-A07B-A9A55987176F}.Debug|Any CPU.Build.0 = Debug|Any CPU
		{514F601A-5F75-4B0F-A07B-A9A55987176F}.Release|Any CPU.ActiveCfg = Release|Any CPU
		{514F601A-5F75-4B0F-A07B-A9A55987176F}.Release|Any CPU.Build.0 = Release|Any CPU
		{E3F8A6DB-6C74-4E1A-8A4D-7BC729359DA7}.Debug|Any CPU.ActiveCfg = Debug|Any CPU
		{E3F8A6DB-6C74-4E1A-8A4D-7BC729359DA7}.Debug|Any CPU.Build.0 = Debug|Any CPU
		{E3F8A6DB-6C74-4E1A-8A4D-7BC729359DA7}.Release|Any CPU.ActiveCfg = Release|Any CPU
		{E3F8A6DB-6C74-4E1A-8A4D-7BC729359DA7}.Release|Any CPU.Build.0 = Release|Any CPU
		{5F7CE34A-7DC2-4637-887E-AB09514B7126}.Debug|Any CPU.ActiveCfg = Debug|Any CPU
		{5F7CE34A-7DC2-4637-887E-AB09514B7126}.Debug|Any CPU.Build.0 = Debug|Any CPU
		{5F7CE34A-7DC2-4637-887E-AB09514B7126}.Release|Any CPU.ActiveCfg = Release|Any CPU
		{5F7CE34A-7DC2-4637-887E-AB09514B7126}.Release|Any CPU.Build.0 = Release|Any CPU
		{C978F08E-5317-4222-8745-70A98F637E3F}.Debug|Any CPU.ActiveCfg = Debug|Any CPU
		{C978F08E-5317-4222-8745-70A98F637E3F}.Debug|Any CPU.Build.0 = Debug|Any CPU
		{C978F08E-5317-4222-8745-70A98F637E3F}.Release|Any CPU.ActiveCfg = Release|Any CPU
		{C978F08E-5317-4222-8745-70A98F637E3F}.Release|Any CPU.Build.0 = Release|Any CPU
		{8999A99C-2FB4-41E4-AD47-036F37FD0DDD}.Debug|Any CPU.ActiveCfg = Debug|Any CPU
		{8999A99C-2FB4-41E4-AD47-036F37FD0DDD}.Debug|Any CPU.Build.0 = Debug|Any CPU
		{8999A99C-2FB4-41E4-AD47-036F37FD0DDD}.Release|Any CPU.ActiveCfg = Release|Any CPU
		{8999A99C-2FB4-41E4-AD47-036F37FD0DDD}.Release|Any CPU.Build.0 = Release|Any CPU
		{B64FFE7C-8344-446F-8FFD-5A0D55D67BAE}.Debug|Any CPU.ActiveCfg = Debug|Any CPU
		{B64FFE7C-8344-446F-8FFD-5A0D55D67BAE}.Debug|Any CPU.Build.0 = Debug|Any CPU
		{B64FFE7C-8344-446F-8FFD-5A0D55D67BAE}.Release|Any CPU.ActiveCfg = Release|Any CPU
		{B64FFE7C-8344-446F-8FFD-5A0D55D67BAE}.Release|Any CPU.Build.0 = Release|Any CPU
		{F6C8EB1A-E368-4E0B-A5A3-95EA92958BD3}.Debug|Any CPU.ActiveCfg = Debug|Any CPU
		{F6C8EB1A-E368-4E0B-A5A3-95EA92958BD3}.Debug|Any CPU.Build.0 = Debug|Any CPU
		{F6C8EB1A-E368-4E0B-A5A3-95EA92958BD3}.Release|Any CPU.ActiveCfg = Release|Any CPU
		{F6C8EB1A-E368-4E0B-A5A3-95EA92958BD3}.Release|Any CPU.Build.0 = Release|Any CPU
		{F3B972C3-C46C-4F4D-AB76-4CF21C26D501}.Debug|Any CPU.ActiveCfg = Debug|Any CPU
		{F3B972C3-C46C-4F4D-AB76-4CF21C26D501}.Debug|Any CPU.Build.0 = Debug|Any CPU
		{F3B972C3-C46C-4F4D-AB76-4CF21C26D501}.Release|Any CPU.ActiveCfg = Release|Any CPU
		{F3B972C3-C46C-4F4D-AB76-4CF21C26D501}.Release|Any CPU.Build.0 = Release|Any CPU
		{AF39EC13-A3E1-4A76-A29B-5746903BBAF6}.Debug|Any CPU.ActiveCfg = Debug|Any CPU
		{AF39EC13-A3E1-4A76-A29B-5746903BBAF6}.Debug|Any CPU.Build.0 = Debug|Any CPU
		{AF39EC13-A3E1-4A76-A29B-5746903BBAF6}.Release|Any CPU.ActiveCfg = Release|Any CPU
		{AF39EC13-A3E1-4A76-A29B-5746903BBAF6}.Release|Any CPU.Build.0 = Release|Any CPU
		{68E7223A-5790-4694-819D-CAB44CC56B2A}.Debug|Any CPU.ActiveCfg = Debug|Any CPU
		{68E7223A-5790-4694-819D-CAB44CC56B2A}.Debug|Any CPU.Build.0 = Debug|Any CPU
		{68E7223A-5790-4694-819D-CAB44CC56B2A}.Release|Any CPU.ActiveCfg = Release|Any CPU
		{68E7223A-5790-4694-819D-CAB44CC56B2A}.Release|Any CPU.Build.0 = Release|Any CPU
		{AF011E80-0D04-4DB1-AC41-102EB5AB8CE9}.Debug|Any CPU.ActiveCfg = Debug|Any CPU
		{AF011E80-0D04-4DB1-AC41-102EB5AB8CE9}.Debug|Any CPU.Build.0 = Debug|Any CPU
		{AF011E80-0D04-4DB1-AC41-102EB5AB8CE9}.Release|Any CPU.ActiveCfg = Release|Any CPU
		{AF011E80-0D04-4DB1-AC41-102EB5AB8CE9}.Release|Any CPU.Build.0 = Release|Any CPU
		{5949EC6F-DD36-4758-ABF9-E07370333054}.Debug|Any CPU.ActiveCfg = Debug|Any CPU
		{5949EC6F-DD36-4758-ABF9-E07370333054}.Debug|Any CPU.Build.0 = Debug|Any CPU
		{5949EC6F-DD36-4758-ABF9-E07370333054}.Release|Any CPU.ActiveCfg = Release|Any CPU
		{5949EC6F-DD36-4758-ABF9-E07370333054}.Release|Any CPU.Build.0 = Release|Any CPU
		{5F30FAE7-2FE7-4885-B13D-FC1FC01EF074}.Debug|Any CPU.ActiveCfg = Debug|Any CPU
		{5F30FAE7-2FE7-4885-B13D-FC1FC01EF074}.Debug|Any CPU.Build.0 = Debug|Any CPU
		{5F30FAE7-2FE7-4885-B13D-FC1FC01EF074}.Release|Any CPU.ActiveCfg = Release|Any CPU
		{5F30FAE7-2FE7-4885-B13D-FC1FC01EF074}.Release|Any CPU.Build.0 = Release|Any CPU
		{7AD27BBC-0023-4077-BD84-A5AC2D2EACF8}.Debug|Any CPU.ActiveCfg = Debug|Any CPU
		{7AD27BBC-0023-4077-BD84-A5AC2D2EACF8}.Debug|Any CPU.Build.0 = Debug|Any CPU
		{7AD27BBC-0023-4077-BD84-A5AC2D2EACF8}.Release|Any CPU.ActiveCfg = Release|Any CPU
		{7AD27BBC-0023-4077-BD84-A5AC2D2EACF8}.Release|Any CPU.Build.0 = Release|Any CPU
		{EB2DA17F-EEE5-41F2-857C-ED1708F98EC6}.Debug|Any CPU.ActiveCfg = Debug|Any CPU
		{EB2DA17F-EEE5-41F2-857C-ED1708F98EC6}.Debug|Any CPU.Build.0 = Debug|Any CPU
		{EB2DA17F-EEE5-41F2-857C-ED1708F98EC6}.Release|Any CPU.ActiveCfg = Release|Any CPU
		{EB2DA17F-EEE5-41F2-857C-ED1708F98EC6}.Release|Any CPU.Build.0 = Release|Any CPU
		{03405C39-C32B-4480-AA90-A416FBA0E461}.Debug|Any CPU.ActiveCfg = Debug|Any CPU
		{03405C39-C32B-4480-AA90-A416FBA0E461}.Debug|Any CPU.Build.0 = Debug|Any CPU
		{03405C39-C32B-4480-AA90-A416FBA0E461}.Release|Any CPU.ActiveCfg = Release|Any CPU
		{03405C39-C32B-4480-AA90-A416FBA0E461}.Release|Any CPU.Build.0 = Release|Any CPU
		{C84C3BB0-BA20-44FB-A035-CB16B7B1FD6A}.Debug|Any CPU.ActiveCfg = Debug|Any CPU
		{C84C3BB0-BA20-44FB-A035-CB16B7B1FD6A}.Debug|Any CPU.Build.0 = Debug|Any CPU
		{C84C3BB0-BA20-44FB-A035-CB16B7B1FD6A}.Release|Any CPU.ActiveCfg = Release|Any CPU
		{C84C3BB0-BA20-44FB-A035-CB16B7B1FD6A}.Release|Any CPU.Build.0 = Release|Any CPU
		{EF6BB25B-913C-4971-A5BB-2827BA336C10}.Debug|Any CPU.ActiveCfg = Debug|Any CPU
		{EF6BB25B-913C-4971-A5BB-2827BA336C10}.Debug|Any CPU.Build.0 = Debug|Any CPU
		{EF6BB25B-913C-4971-A5BB-2827BA336C10}.Release|Any CPU.ActiveCfg = Release|Any CPU
		{EF6BB25B-913C-4971-A5BB-2827BA336C10}.Release|Any CPU.Build.0 = Release|Any CPU
		{81967D70-4C60-44C5-8930-BBC4E2935317}.Debug|Any CPU.ActiveCfg = Debug|Any CPU
		{81967D70-4C60-44C5-8930-BBC4E2935317}.Debug|Any CPU.Build.0 = Debug|Any CPU
		{81967D70-4C60-44C5-8930-BBC4E2935317}.Release|Any CPU.ActiveCfg = Release|Any CPU
		{81967D70-4C60-44C5-8930-BBC4E2935317}.Release|Any CPU.Build.0 = Release|Any CPU
		{B27C0467-BDD3-43F9-A982-2260B2A47816}.Debug|Any CPU.ActiveCfg = Debug|Any CPU
		{B27C0467-BDD3-43F9-A982-2260B2A47816}.Debug|Any CPU.Build.0 = Debug|Any CPU
		{B27C0467-BDD3-43F9-A982-2260B2A47816}.Release|Any CPU.ActiveCfg = Release|Any CPU
		{B27C0467-BDD3-43F9-A982-2260B2A47816}.Release|Any CPU.Build.0 = Release|Any CPU
		{A8E311D6-8AE4-4812-9940-41AAFD33A309}.Debug|Any CPU.ActiveCfg = Debug|Any CPU
		{A8E311D6-8AE4-4812-9940-41AAFD33A309}.Debug|Any CPU.Build.0 = Debug|Any CPU
		{A8E311D6-8AE4-4812-9940-41AAFD33A309}.Release|Any CPU.ActiveCfg = Release|Any CPU
		{A8E311D6-8AE4-4812-9940-41AAFD33A309}.Release|Any CPU.Build.0 = Release|Any CPU
		{91CA01E3-3225-4AA8-9BF6-CE99B0B4A1EB}.Debug|Any CPU.ActiveCfg = Debug|Any CPU
		{91CA01E3-3225-4AA8-9BF6-CE99B0B4A1EB}.Debug|Any CPU.Build.0 = Debug|Any CPU
		{91CA01E3-3225-4AA8-9BF6-CE99B0B4A1EB}.Release|Any CPU.ActiveCfg = Release|Any CPU
		{91CA01E3-3225-4AA8-9BF6-CE99B0B4A1EB}.Release|Any CPU.Build.0 = Release|Any CPU
		{C5B0B4B3-2BA3-4B5B-B248-8BBE4135353A}.Debug|Any CPU.ActiveCfg = Debug|Any CPU
		{C5B0B4B3-2BA3-4B5B-B248-8BBE4135353A}.Debug|Any CPU.Build.0 = Debug|Any CPU
		{C5B0B4B3-2BA3-4B5B-B248-8BBE4135353A}.Release|Any CPU.ActiveCfg = Release|Any CPU
		{C5B0B4B3-2BA3-4B5B-B248-8BBE4135353A}.Release|Any CPU.Build.0 = Release|Any CPU
		{08DB2F34-882E-4220-A1D8-B0823734B943}.Debug|Any CPU.ActiveCfg = Debug|Any CPU
		{08DB2F34-882E-4220-A1D8-B0823734B943}.Debug|Any CPU.Build.0 = Debug|Any CPU
		{08DB2F34-882E-4220-A1D8-B0823734B943}.Release|Any CPU.ActiveCfg = Release|Any CPU
		{08DB2F34-882E-4220-A1D8-B0823734B943}.Release|Any CPU.Build.0 = Release|Any CPU
		{716200BA-EDBB-48E9-810F-85DA68A6E6BB}.Debug|Any CPU.ActiveCfg = Debug|Any CPU
		{716200BA-EDBB-48E9-810F-85DA68A6E6BB}.Debug|Any CPU.Build.0 = Debug|Any CPU
		{716200BA-EDBB-48E9-810F-85DA68A6E6BB}.Release|Any CPU.ActiveCfg = Release|Any CPU
		{716200BA-EDBB-48E9-810F-85DA68A6E6BB}.Release|Any CPU.Build.0 = Release|Any CPU
		{A4512106-22CF-49FD-9213-3FFBBE858168}.Debug|Any CPU.ActiveCfg = Debug|Any CPU
		{A4512106-22CF-49FD-9213-3FFBBE858168}.Debug|Any CPU.Build.0 = Debug|Any CPU
		{A4512106-22CF-49FD-9213-3FFBBE858168}.Release|Any CPU.ActiveCfg = Release|Any CPU
		{A4512106-22CF-49FD-9213-3FFBBE858168}.Release|Any CPU.Build.0 = Release|Any CPU
		{9F79B713-6B61-4A71-9B91-26467BDB9D8A}.Debug|Any CPU.ActiveCfg = Debug|Any CPU
		{9F79B713-6B61-4A71-9B91-26467BDB9D8A}.Debug|Any CPU.Build.0 = Debug|Any CPU
		{9F79B713-6B61-4A71-9B91-26467BDB9D8A}.Release|Any CPU.ActiveCfg = Release|Any CPU
		{9F79B713-6B61-4A71-9B91-26467BDB9D8A}.Release|Any CPU.Build.0 = Release|Any CPU
		{6D8DAA99-4EAC-4640-B886-4DEB7647F82A}.Debug|Any CPU.ActiveCfg = Debug|Any CPU
		{6D8DAA99-4EAC-4640-B886-4DEB7647F82A}.Debug|Any CPU.Build.0 = Debug|Any CPU
		{6D8DAA99-4EAC-4640-B886-4DEB7647F82A}.Release|Any CPU.ActiveCfg = Release|Any CPU
		{6D8DAA99-4EAC-4640-B886-4DEB7647F82A}.Release|Any CPU.Build.0 = Release|Any CPU
		{2DE30CFB-8EAB-4FE4-81DA-DBC95C616391}.Debug|Any CPU.ActiveCfg = Debug|Any CPU
		{2DE30CFB-8EAB-4FE4-81DA-DBC95C616391}.Debug|Any CPU.Build.0 = Debug|Any CPU
		{2DE30CFB-8EAB-4FE4-81DA-DBC95C616391}.Release|Any CPU.ActiveCfg = Release|Any CPU
		{2DE30CFB-8EAB-4FE4-81DA-DBC95C616391}.Release|Any CPU.Build.0 = Release|Any CPU
		{2AB2C66C-2946-4574-82E2-9DA5DD8AE039}.Debug|Any CPU.ActiveCfg = Debug|Any CPU
		{2AB2C66C-2946-4574-82E2-9DA5DD8AE039}.Debug|Any CPU.Build.0 = Debug|Any CPU
		{2AB2C66C-2946-4574-82E2-9DA5DD8AE039}.Release|Any CPU.ActiveCfg = Release|Any CPU
		{2AB2C66C-2946-4574-82E2-9DA5DD8AE039}.Release|Any CPU.Build.0 = Release|Any CPU
		{E24FC47E-3047-4527-A3B0-BCBF06BB5D6D}.Debug|Any CPU.ActiveCfg = Debug|Any CPU
		{E24FC47E-3047-4527-A3B0-BCBF06BB5D6D}.Debug|Any CPU.Build.0 = Debug|Any CPU
		{E24FC47E-3047-4527-A3B0-BCBF06BB5D6D}.Release|Any CPU.ActiveCfg = Release|Any CPU
		{E24FC47E-3047-4527-A3B0-BCBF06BB5D6D}.Release|Any CPU.Build.0 = Release|Any CPU
		{C63C73AA-7D0B-463F-9258-2C6C9A3D4D12}.Debug|Any CPU.ActiveCfg = Debug|Any CPU
		{C63C73AA-7D0B-463F-9258-2C6C9A3D4D12}.Debug|Any CPU.Build.0 = Debug|Any CPU
		{C63C73AA-7D0B-463F-9258-2C6C9A3D4D12}.Release|Any CPU.ActiveCfg = Release|Any CPU
		{C63C73AA-7D0B-463F-9258-2C6C9A3D4D12}.Release|Any CPU.Build.0 = Release|Any CPU
		{F67BEFA7-1C5E-4DA7-9BB7-876E21C80D2F}.Debug|Any CPU.ActiveCfg = Debug|Any CPU
		{F67BEFA7-1C5E-4DA7-9BB7-876E21C80D2F}.Debug|Any CPU.Build.0 = Debug|Any CPU
		{F67BEFA7-1C5E-4DA7-9BB7-876E21C80D2F}.Release|Any CPU.ActiveCfg = Release|Any CPU
		{F67BEFA7-1C5E-4DA7-9BB7-876E21C80D2F}.Release|Any CPU.Build.0 = Release|Any CPU
		{39221822-53C5-488C-9AFA-B3C7DEDC5E49}.Debug|Any CPU.ActiveCfg = Debug|Any CPU
		{39221822-53C5-488C-9AFA-B3C7DEDC5E49}.Debug|Any CPU.Build.0 = Debug|Any CPU
		{39221822-53C5-488C-9AFA-B3C7DEDC5E49}.Release|Any CPU.ActiveCfg = Release|Any CPU
		{39221822-53C5-488C-9AFA-B3C7DEDC5E49}.Release|Any CPU.Build.0 = Release|Any CPU
		{7C3A3F7B-950A-4138-8F20-0AE1D1B02478}.Debug|Any CPU.ActiveCfg = Debug|Any CPU
		{7C3A3F7B-950A-4138-8F20-0AE1D1B02478}.Debug|Any CPU.Build.0 = Debug|Any CPU
		{7C3A3F7B-950A-4138-8F20-0AE1D1B02478}.Release|Any CPU.ActiveCfg = Release|Any CPU
		{7C3A3F7B-950A-4138-8F20-0AE1D1B02478}.Release|Any CPU.Build.0 = Release|Any CPU
	EndGlobalSection
	GlobalSection(SolutionProperties) = preSolution
		HideSolutionNode = FALSE
	EndGlobalSection
	GlobalSection(ExtensibilityGlobals) = postSolution
		SolutionGuid = {9462B6AE-ADDC-4882-8515-ACC5AC5EC2B8}
	EndGlobalSection
EndGlobal
